{
  "lockfile-version": 1,
  "manifest": {
    "version": 1,
    "install": {
      "gradle-unwrapped": {
        "pkg-path": "gradle-unwrapped"
      },
      "jdk": {
        "pkg-path": "jdk"
      }
    },
    "options": {},
    "build": {
      "quotes-app-jvm": {
        "command": "   # Build a fat jar with gradle using the shadowJar plugin\n   gradle shadowJar\n   mkdir -p $out/{lib,bin} && cp build/libs/*.jar $out/lib\n   echo '#!/usr/bin/env sh' > $out/bin/quotes-app-jvm\n   echo 'SCRIPT_DIR=\"$(cd \"$(dirname \"${BASH_SOURCE[0]}\")\" && pwd)\"' >> $out/bin/quotes-app-jvm\n   echo 'JAR_PATH=\"$SCRIPT_DIR/../lib/quotes-app-jvm-all.jar\"' >> $out/bin/quotes-app-jvm\n   echo 'exec java -jar \"$JAR_PATH\" \"$@\"' >> $out/bin/quotes-app-jvm\n   chmod 755 $out/bin/quotes-app-jvm\n",
        "description": "A quotes app written in kotlin"
      },
      "quotes-app-jvm-pure": {
        "command": "   # Build a fat jar with gradle using the shadowJar plugin\n   gradle shadowJar\n   mkdir -p $out/{lib,bin} && cp build/libs/*.jar $out/lib\n   echo '#!/usr/bin/env sh' > $out/bin/quotes-app-jvm-pure\n   echo 'SCRIPT_DIR=\"$(cd \"$(dirname \"${BASH_SOURCE[0]}\")\" && pwd)\"' >> $out/bin/quotes-app-jvm-pure\n   echo 'JAR_PATH=\"$SCRIPT_DIR/../lib/quotes-app-jvm-all.jar\"' >> $out/bin/quotes-app-jvm-pure\n   echo 'exec java -jar \"$JAR_PATH\" \"$@\"' >> $out/bin/quotes-app-jvm-pure\n   chmod 755 $out/bin/quotes-app-jvm-pure\n",
        "sandbox": "pure",
        "description": "A quotes app written in kotlin"
      }
    }
  },
  "packages": [
    {
      "attr_path": "gradle-unwrapped",
      "broken": false,
      "derivation": "/nix/store/6ihmf20q46ybd81nfs92xbn9281m002h-gradle-8.14.1.drv",
      "description": "Enterprise-grade build system",
      "install_id": "gradle-unwrapped",
      "license": "Apache-2.0",
      "locked_url": "https://github.com/flox/nixpkgs?rev=3e3afe5174c561dee0df6f2c2b2236990146329f",
      "name": "gradle-8.14.1",
      "pname": "gradle-unwrapped",
      "rev": "3e3afe5174c561dee0df6f2c2b2236990146329f",
      "rev_count": 811950,
      "rev_date": "2025-06-07T08:35:48Z",
      "scrape_date": "2025-06-09T04:23:51.516332Z",
      "stabilities": [
        "unstable"
      ],
      "unfree": false,
      "version": "8.14.1",
      "outputs_to_install": [
        "out"
      ],
      "outputs": {
        "out": "/nix/store/cgcxbqg2w2il5y09mfi51hsgk80l9059-gradle-8.14.1"
      },
      "system": "aarch64-darwin",
      "group": "toplevel",
      "priority": 5
    },
    {
      "attr_path": "gradle-unwrapped",
      "broken": false,
      "derivation": "/nix/store/xji31lnr1vdm0ja3i0fnwd9v4i0lsgkn-gradle-8.14.1.drv",
      "description": "Enterprise-grade build system",
      "install_id": "gradle-unwrapped",
      "license": "Apache-2.0",
      "locked_url": "https://github.com/flox/nixpkgs?rev=3e3afe5174c561dee0df6f2c2b2236990146329f",
      "name": "gradle-8.14.1",
      "pname": "gradle-unwrapped",
      "rev": "3e3afe5174c561dee0df6f2c2b2236990146329f",
      "rev_count": 811950,
      "rev_date": "2025-06-07T08:35:48Z",
      "scrape_date": "2025-06-09T04:41:59.447792Z",
      "stabilities": [
        "unstable"
      ],
      "unfree": false,
      "version": "8.14.1",
      "outputs_to_install": [
        "out"
      ],
      "outputs": {
        "out": "/nix/store/50xk14p1wsp6dhllgarq25knhya63837-gradle-8.14.1"
      },
      "system": "aarch64-linux",
      "group": "toplevel",
      "priority": 5
    },
    {
      "attr_path": "gradle-unwrapped",
      "broken": false,
      "derivation": "/nix/store/q7n64jfn3ra382ihp0yzmck9x1yfj6ga-gradle-8.14.1.drv",
      "description": "Enterprise-grade build system",
      "install_id": "gradle-unwrapped",
      "license": "Apache-2.0",
      "locked_url": "https://github.com/flox/nixpkgs?rev=3e3afe5174c561dee0df6f2c2b2236990146329f",
      "name": "gradle-8.14.1",
      "pname": "gradle-unwrapped",
      "rev": "3e3afe5174c561dee0df6f2c2b2236990146329f",
      "rev_count": 811950,
      "rev_date": "2025-06-07T08:35:48Z",
      "scrape_date": "2025-06-09T04:58:21.771167Z",
      "stabilities": [
        "unstable"
      ],
      "unfree": false,
      "version": "8.14.1",
      "outputs_to_install": [
        "out"
      ],
      "outputs": {
        "out": "/nix/store/8cyjbvn61bs9bpvyjzqx3bs64z9q4zf1-gradle-8.14.1"
      },
      "system": "x86_64-darwin",
      "group": "toplevel",
      "priority": 5
    },
    {
      "attr_path": "gradle-unwrapped",
      "broken": false,
      "derivation": "/nix/store/s2122rscxhav2zysz3vhxs2l25qijgyr-gradle-8.14.1.drv",
      "description": "Enterprise-grade build system",
      "install_id": "gradle-unwrapped",
      "license": "Apache-2.0",
      "locked_url": "https://github.com/flox/nixpkgs?rev=3e3afe5174c561dee0df6f2c2b2236990146329f",
      "name": "gradle-8.14.1",
      "pname": "gradle-unwrapped",
      "rev": "3e3afe5174c561dee0df6f2c2b2236990146329f",
      "rev_count": 811950,
      "rev_date": "2025-06-07T08:35:48Z",
      "scrape_date": "2025-06-09T05:17:42.887345Z",
      "stabilities": [
        "unstable"
      ],
      "unfree": false,
      "version": "8.14.1",
      "outputs_to_install": [
        "out"
      ],
      "outputs": {
        "out": "/nix/store/csfpiv65s2iaf09iabv4pma48h6zsqz9-gradle-8.14.1"
      },
      "system": "x86_64-linux",
      "group": "toplevel",
      "priority": 5
    },
    {
      "attr_path": "jdk",
      "broken": false,
      "derivation": "/nix/store/29s7kwm81q9b3xjfh1jfvvnw7fvqllj5-zulu-ca-jdk-21.0.4.drv",
      "description": "Certified builds of OpenJDK",
      "install_id": "jdk",
      "license": "GPL-2.0-only",
      "locked_url": "https://github.com/flox/nixpkgs?rev=3e3afe5174c561dee0df6f2c2b2236990146329f",
      "name": "zulu-ca-jdk-21.0.4",
      "pname": "jdk",
      "rev": "3e3afe5174c561dee0df6f2c2b2236990146329f",
      "rev_count": 811950,
      "rev_date": "2025-06-07T08:35:48Z",
      "scrape_date": "2025-06-09T04:23:51.857457Z",
      "stabilities": [
        "unstable"
      ],
      "unfree": false,
      "version": "21.0.4",
      "outputs_to_install": [
        "out"
      ],
      "outputs": {
        "out": "/nix/store/jmhshhi0720cwzilhl8amh7cqgc5x30n-zulu-ca-jdk-21.0.4"
      },
      "system": "aarch64-darwin",
      "group": "toplevel",
      "priority": 5
    },
    {
      "attr_path": "jdk",
      "broken": false,
      "derivation": "/nix/store/bzav35la4cmianza10yg58khzjl5x53j-openjdk-21.0.7+6.drv",
      "description": "Open-source Java Development Kit",
      "install_id": "jdk",
      "license": "GPL-2.0-only",
      "locked_url": "https://github.com/flox/nixpkgs?rev=3e3afe5174c561dee0df6f2c2b2236990146329f",
      "name": "openjdk-21.0.7+6",
      "pname": "jdk",
      "rev": "3e3afe5174c561dee0df6f2c2b2236990146329f",
      "rev_count": 811950,
      "rev_date": "2025-06-07T08:35:48Z",
      "scrape_date": "2025-06-09T04:42:00.531326Z",
      "stabilities": [
        "unstable"
      ],
      "unfree": false,
      "version": "21.0.7+6",
      "outputs_to_install": [
        "out"
      ],
      "outputs": {
        "debug": "/nix/store/nh6k0hczb384iac0sc24m5a41ywkwkv4-openjdk-21.0.7+6-debug",
        "out": "/nix/store/21ns0zdnvihkg77hjidyb0b748dqyh0d-openjdk-21.0.7+6"
      },
      "system": "aarch64-linux",
      "group": "toplevel",
      "priority": 5
    },
    {
      "attr_path": "jdk",
      "broken": false,
      "derivation": "/nix/store/yyzlwdjc4gigf6wmvhigrqr3whzd3vy9-zulu-ca-jdk-21.0.4.drv",
      "description": "Certified builds of OpenJDK",
      "install_id": "jdk",
      "license": "GPL-2.0-only",
      "locked_url": "https://github.com/flox/nixpkgs?rev=3e3afe5174c561dee0df6f2c2b2236990146329f",
      "name": "zulu-ca-jdk-21.0.4",
      "pname": "jdk",
      "rev": "3e3afe5174c561dee0df6f2c2b2236990146329f",
      "rev_count": 811950,
      "rev_date": "2025-06-07T08:35:48Z",
      "scrape_date": "2025-06-09T04:58:22.113049Z",
      "stabilities": [
        "unstable"
      ],
      "unfree": false,
      "version": "21.0.4",
      "outputs_to_install": [
        "out"
      ],
      "outputs": {
        "out": "/nix/store/z384a83i046507nr7slv2p1qvdssyn9m-zulu-ca-jdk-21.0.4"
      },
      "system": "x86_64-darwin",
      "group": "toplevel",
      "priority": 5
    },
    {
      "attr_path": "jdk",
      "broken": false,
      "derivation": "/nix/store/k96s4nfzik0dx24i4ci1kcbps3vsj8as-openjdk-21.0.7+6.drv",
      "description": "Open-source Java Development Kit",
      "install_id": "jdk",
      "license": "GPL-2.0-only",
      "locked_url": "https://github.com/flox/nixpkgs?rev=3e3afe5174c561dee0df6f2c2b2236990146329f",
      "name": "openjdk-21.0.7+6",
      "pname": "jdk",
      "rev": "3e3afe5174c561dee0df6f2c2b2236990146329f",
      "rev_count": 811950,
      "rev_date": "2025-06-07T08:35:48Z",
      "scrape_date": "2025-06-09T05:17:44.081180Z",
      "stabilities": [
        "unstable"
      ],
      "unfree": false,
      "version": "21.0.7+6",
      "outputs_to_install": [
        "out"
      ],
      "outputs": {
        "debug": "/nix/store/qkprsqd8fb5q3h7jfr9gyj1q34ypvdji-openjdk-21.0.7+6-debug",
        "out": "/nix/store/qagnl38l96xcbx17ll0v9zswhcl1nqw6-openjdk-21.0.7+6"
      },
      "system": "x86_64-linux",
      "group": "toplevel",
      "priority": 5
    }
  ]
}