{
  "lockfile-version": 1,
  "manifest": {
    "version": 1,
    "install": {
      "nodejs": {
        "pkg-path": "nodejs"
      }
    },
    "hook": {
      "on-activate": "  # Autogenerated by Flox\n\n  # Install nodejs dependencies\n  npm install\n\n  # End autogenerated by Flox\n"
    },
    "profile": {},
    "options": {
      "systems": [
        "aarch64-darwin",
        "aarch64-linux",
        "x86_64-darwin",
        "x86_64-linux"
      ]
    },
    "services": {
      "quotes-nodejs": {
        "command": "npm start"
      }
    },
    "build": {
      "quotes-app-nodejs": {
        "command": "   mkdir -p $out/{lib,bin} \n\t cp -pr package.* quotes.json app.js $out/lib\n   pushd $out/lib\n   npm install --omit=dev\n   popd\n   echo \"#!/usr/bin/env sh\" >  $out/bin/quotes-app-nodejs\n   echo \"exec node $out/lib/app.js\" >> $out/bin/quotes-app-nodejs\n   chmod 755 $out/bin/quotes-app-nodejs\n",
        "version": "0.0.1",
        "description": "A quotes app written in nodejs"
      }
    }
  },
  "packages": [
    {
      "attr_path": "nodejs",
      "broken": false,
      "derivation": "/nix/store/v4xdr255vdcghnqyvk7ih2ppvx0lapfk-nodejs-22.14.0.drv",
      "description": "Event-driven I/O framework for the V8 JavaScript engine",
      "install_id": "nodejs",
      "license": "MIT",
      "locked_url": "https://github.com/flox/nixpkgs?rev=2631b0b7abcea6e640ce31cd78ea58910d31e650",
      "name": "nodejs-22.14.0",
      "pname": "nodejs",
      "rev": "2631b0b7abcea6e640ce31cd78ea58910d31e650",
      "rev_count": 782401,
      "rev_date": "2025-04-12T13:19:24Z",
      "scrape_date": "2025-04-14T01:11:27.527343Z",
      "stabilities": [
        "unstable"
      ],
      "unfree": false,
      "version": "22.14.0",
      "outputs_to_install": [
        "out"
      ],
      "outputs": {
        "libv8": "/nix/store/4m6xhygkx74fsd5k99nihgr7vg85f553-nodejs-22.14.0-libv8",
        "out": "/nix/store/i1v519j66jmvpqr5h382i9nanxwa5l6n-nodejs-22.14.0"
      },
      "system": "aarch64-darwin",
      "group": "toplevel",
      "priority": 5
    },
    {
      "attr_path": "nodejs",
      "broken": false,
      "derivation": "/nix/store/6678kk8l6dfvfawlpf8smjm0b6zinn2f-nodejs-22.14.0.drv",
      "description": "Event-driven I/O framework for the V8 JavaScript engine",
      "install_id": "nodejs",
      "license": "MIT",
      "locked_url": "https://github.com/flox/nixpkgs?rev=2631b0b7abcea6e640ce31cd78ea58910d31e650",
      "name": "nodejs-22.14.0",
      "pname": "nodejs",
      "rev": "2631b0b7abcea6e640ce31cd78ea58910d31e650",
      "rev_count": 782401,
      "rev_date": "2025-04-12T13:19:24Z",
      "scrape_date": "2025-04-14T01:28:13.241342Z",
      "stabilities": [
        "unstable"
      ],
      "unfree": false,
      "version": "22.14.0",
      "outputs_to_install": [
        "out"
      ],
      "outputs": {
        "libv8": "/nix/store/s8407q9aa2mi2b60zk2mkjjdnv4qw87x-nodejs-22.14.0-libv8",
        "out": "/nix/store/p6183qmkyfkz5sqlv4wbw6a2nnh1r8jf-nodejs-22.14.0"
      },
      "system": "aarch64-linux",
      "group": "toplevel",
      "priority": 5
    },
    {
      "attr_path": "nodejs",
      "broken": false,
      "derivation": "/nix/store/zal73kvqhchl43qs2x7p5cvp57ypd4n3-nodejs-22.14.0.drv",
      "description": "Event-driven I/O framework for the V8 JavaScript engine",
      "install_id": "nodejs",
      "license": "MIT",
      "locked_url": "https://github.com/flox/nixpkgs?rev=2631b0b7abcea6e640ce31cd78ea58910d31e650",
      "name": "nodejs-22.14.0",
      "pname": "nodejs",
      "rev": "2631b0b7abcea6e640ce31cd78ea58910d31e650",
      "rev_count": 782401,
      "rev_date": "2025-04-12T13:19:24Z",
      "scrape_date": "2025-04-14T01:43:38.665121Z",
      "stabilities": [
        "unstable"
      ],
      "unfree": false,
      "version": "22.14.0",
      "outputs_to_install": [
        "out"
      ],
      "outputs": {
        "libv8": "/nix/store/sx5pbfq09qkl6bfxcljmhf5s1z049693-nodejs-22.14.0-libv8",
        "out": "/nix/store/mxpq0x25ayiliy6938pflhqvfc1nznkl-nodejs-22.14.0"
      },
      "system": "x86_64-darwin",
      "group": "toplevel",
      "priority": 5
    },
    {
      "attr_path": "nodejs",
      "broken": false,
      "derivation": "/nix/store/2v66xkgfmdipzpwgl813n4mqgck6w3fd-nodejs-22.14.0.drv",
      "description": "Event-driven I/O framework for the V8 JavaScript engine",
      "install_id": "nodejs",
      "license": "MIT",
      "locked_url": "https://github.com/flox/nixpkgs?rev=2631b0b7abcea6e640ce31cd78ea58910d31e650",
      "name": "nodejs-22.14.0",
      "pname": "nodejs",
      "rev": "2631b0b7abcea6e640ce31cd78ea58910d31e650",
      "rev_count": 782401,
      "rev_date": "2025-04-12T13:19:24Z",
      "scrape_date": "2025-04-14T02:02:03.945028Z",
      "stabilities": [
        "unstable"
      ],
      "unfree": false,
      "version": "22.14.0",
      "outputs_to_install": [
        "out"
      ],
      "outputs": {
        "libv8": "/nix/store/j4w6685rkqwwl03cc8phm8xiyb2xmbnq-nodejs-22.14.0-libv8",
        "out": "/nix/store/bmakyv5ip1wc9jk155glzdw4vnnrym04-nodejs-22.14.0"
      },
      "system": "x86_64-linux",
      "group": "toplevel",
      "priority": 5
    }
  ]
}