{
  "lockfile-version": 1,
  "manifest": {
    "version": 1,
    "install": {
      "boost": {
        "pkg-path": "boost"
      },
      "clang": {
        "pkg-path": "clang"
      },
      "clang-tools": {
        "pkg-path": "clang-tools"
      },
      "gnumake": {
        "pkg-path": "gnumake"
      }
    },
    "hook": {},
    "profile": {},
    "options": {
      "systems": [
        "aarch64-darwin",
        "aarch64-linux",
        "x86_64-darwin",
        "x86_64-linux"
      ]
    },
    "services": {
      "quotes-cpp": {
        "command": "./quotes-cpp"
      }
    },
    "build": {
      "quotes-app-cpp": {
        "command": "  mkdir -p $out/{bin,lib,libexec}\n  make\n  cp -pr quotes.json $out/lib\n  cp -pr quotes-app-cpp $out/libexec\n  echo \"#!/usr/bin/env sh\" > $out/bin/quotes-app-cpp\n  echo \"export QUOTES_FILE=$out/lib/quotes.json\" >> $out/bin/quotes-app-cpp\n  echo \"exec $out/libexec/quotes-app-cpp\" >> $out/bin/quotes-app-cpp\n  chmod +x $out/bin/quotes-app-cpp\n",
        "runtime-packages": [
          "boost"
        ],
        "version": "0.0.1",
        "description": "Quotes app written in C++"
      }
    }
  },
  "packages": [
    {
      "attr_path": "boost",
      "broken": false,
      "derivation": "/nix/store/4cy864q6g0dqx5czj0prcnfnn71slb9f-boost-1.87.0.drv",
      "description": "Collection of C++ libraries",
      "install_id": "boost",
      "license": "BSL-1.0",
      "locked_url": "https://github.com/flox/nixpkgs?rev=2631b0b7abcea6e640ce31cd78ea58910d31e650",
      "name": "boost-1.87.0",
      "pname": "boost",
      "rev": "2631b0b7abcea6e640ce31cd78ea58910d31e650",
      "rev_count": 782401,
      "rev_date": "2025-04-12T13:19:24Z",
      "scrape_date": "2025-04-14T01:11:24.408364Z",
      "stabilities": [
        "unstable"
      ],
      "unfree": false,
      "version": "1.87.0",
      "outputs_to_install": [
        "out"
      ],
      "outputs": {
        "dev": "/nix/store/czfchpq795yyp8rrkha5316gpf6bfnx2-boost-1.87.0-dev",
        "out": "/nix/store/27yc7mwws2yj041zq1gfvhqnv309gwjq-boost-1.87.0"
      },
      "system": "aarch64-darwin",
      "group": "toplevel",
      "priority": 5
    },
    {
      "attr_path": "boost",
      "broken": false,
      "derivation": "/nix/store/q0myrz7y07v67dqv2msmdmzxi6z53qdh-boost-1.87.0.drv",
      "description": "Collection of C++ libraries",
      "install_id": "boost",
      "license": "BSL-1.0",
      "locked_url": "https://github.com/flox/nixpkgs?rev=2631b0b7abcea6e640ce31cd78ea58910d31e650",
      "name": "boost-1.87.0",
      "pname": "boost",
      "rev": "2631b0b7abcea6e640ce31cd78ea58910d31e650",
      "rev_count": 782401,
      "rev_date": "2025-04-12T13:19:24Z",
      "scrape_date": "2025-04-14T01:28:02.766935Z",
      "stabilities": [
        "unstable"
      ],
      "unfree": false,
      "version": "1.87.0",
      "outputs_to_install": [
        "out"
      ],
      "outputs": {
        "dev": "/nix/store/kq60x0wz9pd2mhpdy8z4h69yihfin6kh-boost-1.87.0-dev",
        "out": "/nix/store/0s4qn0df1s2c913917nkj7v073gbaqsa-boost-1.87.0"
      },
      "system": "aarch64-linux",
      "group": "toplevel",
      "priority": 5
    },
    {
      "attr_path": "boost",
      "broken": false,
      "derivation": "/nix/store/g47bbzd8rgqspifwwq5x675w0vkmb9yx-boost-1.87.0.drv",
      "description": "Collection of C++ libraries",
      "install_id": "boost",
      "license": "BSL-1.0",
      "locked_url": "https://github.com/flox/nixpkgs?rev=2631b0b7abcea6e640ce31cd78ea58910d31e650",
      "name": "boost-1.87.0",
      "pname": "boost",
      "rev": "2631b0b7abcea6e640ce31cd78ea58910d31e650",
      "rev_count": 782401,
      "rev_date": "2025-04-12T13:19:24Z",
      "scrape_date": "2025-04-14T01:43:35.499157Z",
      "stabilities": [
        "unstable"
      ],
      "unfree": false,
      "version": "1.87.0",
      "outputs_to_install": [
        "out"
      ],
      "outputs": {
        "dev": "/nix/store/7c8ziwi43p43hz3zfkkd526q4xldihhr-boost-1.87.0-dev",
        "out": "/nix/store/iah23xkmn3kfqw7xlks4w2yhj5hl09py-boost-1.87.0"
      },
      "system": "x86_64-darwin",
      "group": "toplevel",
      "priority": 5
    },
    {
      "attr_path": "boost",
      "broken": false,
      "derivation": "/nix/store/hrxhzxw6gm772bq10zwigql5ssgagv0i-boost-1.87.0.drv",
      "description": "Collection of C++ libraries",
      "install_id": "boost",
      "license": "BSL-1.0",
      "locked_url": "https://github.com/flox/nixpkgs?rev=2631b0b7abcea6e640ce31cd78ea58910d31e650",
      "name": "boost-1.87.0",
      "pname": "boost",
      "rev": "2631b0b7abcea6e640ce31cd78ea58910d31e650",
      "rev_count": 782401,
      "rev_date": "2025-04-12T13:19:24Z",
      "scrape_date": "2025-04-14T02:01:51.598857Z",
      "stabilities": [
        "unstable"
      ],
      "unfree": false,
      "version": "1.87.0",
      "outputs_to_install": [
        "out"
      ],
      "outputs": {
        "dev": "/nix/store/1yvb11frfk0nrhkz142l43a93yzwz3il-boost-1.87.0-dev",
        "out": "/nix/store/54wr0cn0c6vsybjdlhm82d6cd2cz5s7g-boost-1.87.0"
      },
      "system": "x86_64-linux",
      "group": "toplevel",
      "priority": 5
    },
    {
      "attr_path": "clang",
      "broken": false,
      "derivation": "/nix/store/smyq0qynb5kgbmrbc69zhn14vxhzai4w-clang-wrapper-19.1.7.drv",
      "description": "C language family frontend for LLVM (wrapper script)",
      "install_id": "clang",
      "license": "[ NCSA, Apache-2.0, LLVM-exception ]",
      "locked_url": "https://github.com/flox/nixpkgs?rev=2631b0b7abcea6e640ce31cd78ea58910d31e650",
      "name": "clang-wrapper-19.1.7",
      "pname": "clang",
      "rev": "2631b0b7abcea6e640ce31cd78ea58910d31e650",
      "rev_count": 782401,
      "rev_date": "2025-04-12T13:19:24Z",
      "scrape_date": "2025-04-14T01:11:24.564512Z",
      "stabilities": [
        "unstable"
      ],
      "unfree": false,
      "version": "19.1.7",
      "outputs_to_install": [
        "out"
      ],
      "outputs": {
        "out": "/nix/store/5qawh29l2yhzj0l9a7ybbb3nzwkpis4a-clang-wrapper-19.1.7"
      },
      "system": "aarch64-darwin",
      "group": "toplevel",
      "priority": 5
    },
    {
      "attr_path": "clang",
      "broken": false,
      "derivation": "/nix/store/8ppmikji4s2xxaaa3x7wr9ci2gw43c0w-clang-wrapper-19.1.7.drv",
      "description": "C language family frontend for LLVM (wrapper script)",
      "install_id": "clang",
      "license": "[ NCSA, Apache-2.0, LLVM-exception ]",
      "locked_url": "https://github.com/flox/nixpkgs?rev=2631b0b7abcea6e640ce31cd78ea58910d31e650",
      "name": "clang-wrapper-19.1.7",
      "pname": "clang",
      "rev": "2631b0b7abcea6e640ce31cd78ea58910d31e650",
      "rev_count": 782401,
      "rev_date": "2025-04-12T13:19:24Z",
      "scrape_date": "2025-04-14T01:28:02.985782Z",
      "stabilities": [
        "unstable"
      ],
      "unfree": false,
      "version": "19.1.7",
      "outputs_to_install": [
        "out"
      ],
      "outputs": {
        "out": "/nix/store/jdfxhsmslm5ipvfmhc250awawwv8r2j8-clang-wrapper-19.1.7"
      },
      "system": "aarch64-linux",
      "group": "toplevel",
      "priority": 5
    },
    {
      "attr_path": "clang",
      "broken": false,
      "derivation": "/nix/store/ak13d218brm3gk8l5wj2139063zzk04h-clang-wrapper-19.1.7.drv",
      "description": "C language family frontend for LLVM (wrapper script)",
      "install_id": "clang",
      "license": "[ NCSA, Apache-2.0, LLVM-exception ]",
      "locked_url": "https://github.com/flox/nixpkgs?rev=2631b0b7abcea6e640ce31cd78ea58910d31e650",
      "name": "clang-wrapper-19.1.7",
      "pname": "clang",
      "rev": "2631b0b7abcea6e640ce31cd78ea58910d31e650",
      "rev_count": 782401,
      "rev_date": "2025-04-12T13:19:24Z",
      "scrape_date": "2025-04-14T01:43:35.653855Z",
      "stabilities": [
        "unstable"
      ],
      "unfree": false,
      "version": "19.1.7",
      "outputs_to_install": [
        "out"
      ],
      "outputs": {
        "out": "/nix/store/zv9wm6xdbdc2vdscj1k1xfr2nyjxp10p-clang-wrapper-19.1.7"
      },
      "system": "x86_64-darwin",
      "group": "toplevel",
      "priority": 5
    },
    {
      "attr_path": "clang",
      "broken": false,
      "derivation": "/nix/store/ws6np3wr34yczinj4jq07ar8j28k860w-clang-wrapper-19.1.7.drv",
      "description": "C language family frontend for LLVM (wrapper script)",
      "install_id": "clang",
      "license": "[ NCSA, Apache-2.0, LLVM-exception ]",
      "locked_url": "https://github.com/flox/nixpkgs?rev=2631b0b7abcea6e640ce31cd78ea58910d31e650",
      "name": "clang-wrapper-19.1.7",
      "pname": "clang",
      "rev": "2631b0b7abcea6e640ce31cd78ea58910d31e650",
      "rev_count": 782401,
      "rev_date": "2025-04-12T13:19:24Z",
      "scrape_date": "2025-04-14T02:01:51.825066Z",
      "stabilities": [
        "unstable"
      ],
      "unfree": false,
      "version": "19.1.7",
      "outputs_to_install": [
        "out"
      ],
      "outputs": {
        "out": "/nix/store/q87df3dw0x7r1k9gagir9a5sdi3gmw4a-clang-wrapper-19.1.7"
      },
      "system": "x86_64-linux",
      "group": "toplevel",
      "priority": 5
    },
    {
      "attr_path": "clang-tools",
      "broken": false,
      "derivation": "/nix/store/dqf4m8ynlbcynqfxz4s98qpsj4a3p4ki-clang-tools-19.1.7.drv",
      "description": "Standalone command line tools for C++ development",
      "install_id": "clang-tools",
      "license": "[ NCSA, Apache-2.0, LLVM-exception ]",
      "locked_url": "https://github.com/flox/nixpkgs?rev=2631b0b7abcea6e640ce31cd78ea58910d31e650",
      "name": "clang-tools-19.1.7",
      "pname": "clang-tools",
      "rev": "2631b0b7abcea6e640ce31cd78ea58910d31e650",
      "rev_count": 782401,
      "rev_date": "2025-04-12T13:19:24Z",
      "scrape_date": "2025-04-14T01:11:24.565052Z",
      "stabilities": [
        "unstable"
      ],
      "unfree": false,
      "version": "19.1.7",
      "outputs_to_install": [
        "out"
      ],
      "outputs": {
        "out": "/nix/store/w9nsgv4q992vzxz0iwcd1835fdkxv9az-clang-tools-19.1.7"
      },
      "system": "aarch64-darwin",
      "group": "toplevel",
      "priority": 5
    },
    {
      "attr_path": "clang-tools",
      "broken": false,
      "derivation": "/nix/store/wz93h5073mhxggalrbq10fyap1y7rb37-clang-tools-19.1.7.drv",
      "description": "Standalone command line tools for C++ development",
      "install_id": "clang-tools",
      "license": "[ NCSA, Apache-2.0, LLVM-exception ]",
      "locked_url": "https://github.com/flox/nixpkgs?rev=2631b0b7abcea6e640ce31cd78ea58910d31e650",
      "name": "clang-tools-19.1.7",
      "pname": "clang-tools",
      "rev": "2631b0b7abcea6e640ce31cd78ea58910d31e650",
      "rev_count": 782401,
      "rev_date": "2025-04-12T13:19:24Z",
      "scrape_date": "2025-04-14T01:28:02.986408Z",
      "stabilities": [
        "unstable"
      ],
      "unfree": false,
      "version": "19.1.7",
      "outputs_to_install": [
        "out"
      ],
      "outputs": {
        "out": "/nix/store/vqcmbwh0cx2vqb1apajs67jbx53j5vhp-clang-tools-19.1.7"
      },
      "system": "aarch64-linux",
      "group": "toplevel",
      "priority": 5
    },
    {
      "attr_path": "clang-tools",
      "broken": false,
      "derivation": "/nix/store/ac6ffhd5zlbab8iyvc7w2p3p0d6bsn8l-clang-tools-19.1.7.drv",
      "description": "Standalone command line tools for C++ development",
      "install_id": "clang-tools",
      "license": "[ NCSA, Apache-2.0, LLVM-exception ]",
      "locked_url": "https://github.com/flox/nixpkgs?rev=2631b0b7abcea6e640ce31cd78ea58910d31e650",
      "name": "clang-tools-19.1.7",
      "pname": "clang-tools",
      "rev": "2631b0b7abcea6e640ce31cd78ea58910d31e650",
      "rev_count": 782401,
      "rev_date": "2025-04-12T13:19:24Z",
      "scrape_date": "2025-04-14T01:43:35.654409Z",
      "stabilities": [
        "unstable"
      ],
      "unfree": false,
      "version": "19.1.7",
      "outputs_to_install": [
        "out"
      ],
      "outputs": {
        "out": "/nix/store/fcf94fzdv0l2g9sypm2mv6k1qi558cyn-clang-tools-19.1.7"
      },
      "system": "x86_64-darwin",
      "group": "toplevel",
      "priority": 5
    },
    {
      "attr_path": "clang-tools",
      "broken": false,
      "derivation": "/nix/store/96g8pysx4gimimd3qj1xvjlw9zh2jvxw-clang-tools-19.1.7.drv",
      "description": "Standalone command line tools for C++ development",
      "install_id": "clang-tools",
      "license": "[ NCSA, Apache-2.0, LLVM-exception ]",
      "locked_url": "https://github.com/flox/nixpkgs?rev=2631b0b7abcea6e640ce31cd78ea58910d31e650",
      "name": "clang-tools-19.1.7",
      "pname": "clang-tools",
      "rev": "2631b0b7abcea6e640ce31cd78ea58910d31e650",
      "rev_count": 782401,
      "rev_date": "2025-04-12T13:19:24Z",
      "scrape_date": "2025-04-14T02:01:51.825719Z",
      "stabilities": [
        "unstable"
      ],
      "unfree": false,
      "version": "19.1.7",
      "outputs_to_install": [
        "out"
      ],
      "outputs": {
        "out": "/nix/store/lksd9rqdydlm486bihrgk4yh44f03l62-clang-tools-19.1.7"
      },
      "system": "x86_64-linux",
      "group": "toplevel",
      "priority": 5
    },
    {
      "attr_path": "gnumake",
      "broken": false,
      "derivation": "/nix/store/z0vyvvm3cqlwx4wxm7vs3y2n0yvb13l5-gnumake-4.4.1.drv",
      "description": "Tool to control the generation of non-source files from sources",
      "install_id": "gnumake",
      "license": "GPL-3.0-or-later",
      "locked_url": "https://github.com/flox/nixpkgs?rev=2631b0b7abcea6e640ce31cd78ea58910d31e650",
      "name": "gnumake-4.4.1",
      "pname": "gnumake",
      "rev": "2631b0b7abcea6e640ce31cd78ea58910d31e650",
      "rev_count": 782401,
      "rev_date": "2025-04-12T13:19:24Z",
      "scrape_date": "2025-04-14T01:11:25.160303Z",
      "stabilities": [
        "unstable"
      ],
      "unfree": false,
      "version": "4.4.1",
      "outputs_to_install": [
        "man",
        "out"
      ],
      "outputs": {
        "info": "/nix/store/c5jccx4albc6g0fcxa4ghwg27945fnby-gnumake-4.4.1-info",
        "man": "/nix/store/mvygvl0jxvci87m9j9r393ri5jsz2ybq-gnumake-4.4.1-man",
        "out": "/nix/store/cnkfqpa3kyi3mgk0yd8lqbrdysq7j38q-gnumake-4.4.1"
      },
      "system": "aarch64-darwin",
      "group": "toplevel",
      "priority": 5
    },
    {
      "attr_path": "gnumake",
      "broken": false,
      "derivation": "/nix/store/d3wschhaqb4bwzzy11wsr7a1xxhv5krs-gnumake-4.4.1.drv",
      "description": "Tool to control the generation of non-source files from sources",
      "install_id": "gnumake",
      "license": "GPL-3.0-or-later",
      "locked_url": "https://github.com/flox/nixpkgs?rev=2631b0b7abcea6e640ce31cd78ea58910d31e650",
      "name": "gnumake-4.4.1",
      "pname": "gnumake",
      "rev": "2631b0b7abcea6e640ce31cd78ea58910d31e650",
      "rev_count": 782401,
      "rev_date": "2025-04-12T13:19:24Z",
      "scrape_date": "2025-04-14T01:28:04.274163Z",
      "stabilities": [
        "unstable"
      ],
      "unfree": false,
      "version": "4.4.1",
      "outputs_to_install": [
        "man",
        "out"
      ],
      "outputs": {
        "debug": "/nix/store/yrfbzz0whhvibv18f2zb6a4l671ryrdk-gnumake-4.4.1-debug",
        "info": "/nix/store/crfkqwk94z3mvshp5yigwgayxypr7rzr-gnumake-4.4.1-info",
        "man": "/nix/store/a5lgpaf6b9rm3czp8bv6fw84152rsk08-gnumake-4.4.1-man",
        "out": "/nix/store/jp96c7glhd39jvym2qxrrqbyjlbn4jg8-gnumake-4.4.1"
      },
      "system": "aarch64-linux",
      "group": "toplevel",
      "priority": 5
    },
    {
      "attr_path": "gnumake",
      "broken": false,
      "derivation": "/nix/store/4843xfb5xlx9nwjm9l74ggkg9df50308-gnumake-4.4.1.drv",
      "description": "Tool to control the generation of non-source files from sources",
      "install_id": "gnumake",
      "license": "GPL-3.0-or-later",
      "locked_url": "https://github.com/flox/nixpkgs?rev=2631b0b7abcea6e640ce31cd78ea58910d31e650",
      "name": "gnumake-4.4.1",
      "pname": "gnumake",
      "rev": "2631b0b7abcea6e640ce31cd78ea58910d31e650",
      "rev_count": 782401,
      "rev_date": "2025-04-12T13:19:24Z",
      "scrape_date": "2025-04-14T01:43:36.286158Z",
      "stabilities": [
        "unstable"
      ],
      "unfree": false,
      "version": "4.4.1",
      "outputs_to_install": [
        "man",
        "out"
      ],
      "outputs": {
        "info": "/nix/store/sqzsgjrslilvvs25b1rwkxr0vqwgy4n5-gnumake-4.4.1-info",
        "man": "/nix/store/xk3mk8ilcibjnh3yhakmii8drsxy25p3-gnumake-4.4.1-man",
        "out": "/nix/store/yfkp7d7jj5m467qrss5p1c26j8pbqmx9-gnumake-4.4.1"
      },
      "system": "x86_64-darwin",
      "group": "toplevel",
      "priority": 5
    },
    {
      "attr_path": "gnumake",
      "broken": false,
      "derivation": "/nix/store/r2xhnjg5n3mnly8b7l91jjfza4qdrsjh-gnumake-4.4.1.drv",
      "description": "Tool to control the generation of non-source files from sources",
      "install_id": "gnumake",
      "license": "GPL-3.0-or-later",
      "locked_url": "https://github.com/flox/nixpkgs?rev=2631b0b7abcea6e640ce31cd78ea58910d31e650",
      "name": "gnumake-4.4.1",
      "pname": "gnumake",
      "rev": "2631b0b7abcea6e640ce31cd78ea58910d31e650",
      "rev_count": 782401,
      "rev_date": "2025-04-12T13:19:24Z",
      "scrape_date": "2025-04-14T02:01:53.276004Z",
      "stabilities": [
        "unstable"
      ],
      "unfree": false,
      "version": "4.4.1",
      "outputs_to_install": [
        "man",
        "out"
      ],
      "outputs": {
        "debug": "/nix/store/40rj5d3igp9fb80r4pg3gnkzj338rffa-gnumake-4.4.1-debug",
        "info": "/nix/store/33lvx5blf6ms1b6ynaln49hx1xksypxf-gnumake-4.4.1-info",
        "man": "/nix/store/y87b22iwv64wrfpgyii4gjgbhcfqq0mi-gnumake-4.4.1-man",
        "out": "/nix/store/k0hhyz6qnj5065vpw15m4r7nbs0mn706-gnumake-4.4.1"
      },
      "system": "x86_64-linux",
      "group": "toplevel",
      "priority": 5
    }
  ]
}