{
  "lockfile-version": 1,
  "manifest": {
    "version": 1,
    "install": {
      "boost": {
        "pkg-path": "boost"
      },
      "clang": {
        "pkg-path": "clang"
      },
      "clang-tools": {
        "pkg-path": "clang-tools"
      },
      "gnumake": {
        "pkg-path": "gnumake"
      }
    },
    "options": {},
    "services": {
      "quotes-cpp": {
        "command": "./quotes-cpp"
      }
    },
    "build": {
      "quotes-app-cpp": {
        "command": "  mkdir -p $out/{bin,lib,libexec}\n  make\n  cp -pr quotes.json $out/lib\n  cp -pr quotes-app-cpp $out/libexec\n  echo \"#!/usr/bin/env sh\" > $out/bin/quotes-app-cpp\n  echo \"export QUOTES_FILE=$out/lib/quotes.json\" >> $out/bin/quotes-app-cpp\n  echo \"exec $out/libexec/quotes-app-cpp\" >> $out/bin/quotes-app-cpp\n  chmod +x $out/bin/quotes-app-cpp\n",
        "runtime-packages": [
          "boost"
        ],
        "version": "0.0.1",
        "description": "Quotes app written in C++"
      },
      "quotes-app-cpp-pure": {
        "command": "  mkdir -p $out/{bin,lib,libexec}\n  make\n  cp -pr quotes.json $out/lib\n  cp -pr quotes-app-cpp $out/libexec\n  echo \"#!/usr/bin/env sh\" > $out/bin/quotes-app-cpp-pure\n  echo \"export QUOTES_FILE=$out/lib/quotes.json\" >> $out/bin/quotes-app-cpp-pure\n  echo \"exec $out/libexec/quotes-app-cpp\" >> $out/bin/quotes-app-cpp-pure\n  chmod +x $out/bin/quotes-app-cpp-pure\n",
        "runtime-packages": [
          "boost"
        ],
        "sandbox": "pure",
        "version": "0.0.1",
        "description": "Quotes app written in C++"
      }
    }
  },
  "packages": [
    {
      "attr_path": "boost",
      "broken": false,
      "derivation": "/nix/store/763v465gyn4m6xc0zyw87khq4llcs1ky-boost-1.87.0.drv",
      "description": "Collection of C++ libraries",
      "install_id": "boost",
      "license": "BSL-1.0",
      "locked_url": "https://github.com/flox/nixpkgs?rev=3e3afe5174c561dee0df6f2c2b2236990146329f",
      "name": "boost-1.87.0",
      "pname": "boost",
      "rev": "3e3afe5174c561dee0df6f2c2b2236990146329f",
      "rev_count": 811950,
      "rev_date": "2025-06-07T08:35:48Z",
      "scrape_date": "2025-06-09T04:23:50.644981Z",
      "stabilities": [
        "unstable"
      ],
      "unfree": false,
      "version": "1.87.0",
      "outputs_to_install": [
        "out"
      ],
      "outputs": {
        "dev": "/nix/store/k2cd7msx44va0p87xz5b3pyff4x6kynp-boost-1.87.0-dev",
        "out": "/nix/store/r9myvhgdwr5q5zkdixhhc1acy3qhvsmy-boost-1.87.0"
      },
      "system": "aarch64-darwin",
      "group": "toplevel",
      "priority": 5
    },
    {
      "attr_path": "boost",
      "broken": false,
      "derivation": "/nix/store/pwc7r5gair4nhcgkw8ra7r6193wnris7-boost-1.87.0.drv",
      "description": "Collection of C++ libraries",
      "install_id": "boost",
      "license": "BSL-1.0",
      "locked_url": "https://github.com/flox/nixpkgs?rev=3e3afe5174c561dee0df6f2c2b2236990146329f",
      "name": "boost-1.87.0",
      "pname": "boost",
      "rev": "3e3afe5174c561dee0df6f2c2b2236990146329f",
      "rev_count": 811950,
      "rev_date": "2025-06-07T08:35:48Z",
      "scrape_date": "2025-06-09T04:41:57.738933Z",
      "stabilities": [
        "unstable"
      ],
      "unfree": false,
      "version": "1.87.0",
      "outputs_to_install": [
        "out"
      ],
      "outputs": {
        "dev": "/nix/store/nrvq2hnxy78z1lja6yiimc4izgk4871c-boost-1.87.0-dev",
        "out": "/nix/store/9cfnd9zdssljyb80l0z0c8l66az2f9xw-boost-1.87.0"
      },
      "system": "aarch64-linux",
      "group": "toplevel",
      "priority": 5
    },
    {
      "attr_path": "boost",
      "broken": false,
      "derivation": "/nix/store/4qb788n2h1427pakc2pfvm65ayvxa4xx-boost-1.87.0.drv",
      "description": "Collection of C++ libraries",
      "install_id": "boost",
      "license": "BSL-1.0",
      "locked_url": "https://github.com/flox/nixpkgs?rev=3e3afe5174c561dee0df6f2c2b2236990146329f",
      "name": "boost-1.87.0",
      "pname": "boost",
      "rev": "3e3afe5174c561dee0df6f2c2b2236990146329f",
      "rev_count": 811950,
      "rev_date": "2025-06-07T08:35:48Z",
      "scrape_date": "2025-06-09T04:58:20.868427Z",
      "stabilities": [
        "unstable"
      ],
      "unfree": false,
      "version": "1.87.0",
      "outputs_to_install": [
        "out"
      ],
      "outputs": {
        "dev": "/nix/store/aknqrg3lb97b099cacmbl8217yljg67r-boost-1.87.0-dev",
        "out": "/nix/store/hajw23p16ffzq487jlbqz8h6glgwfcpi-boost-1.87.0"
      },
      "system": "x86_64-darwin",
      "group": "toplevel",
      "priority": 5
    },
    {
      "attr_path": "boost",
      "broken": false,
      "derivation": "/nix/store/v0r68wxkv10bf925qy951j32kfy8wybm-boost-1.87.0.drv",
      "description": "Collection of C++ libraries",
      "install_id": "boost",
      "license": "BSL-1.0",
      "locked_url": "https://github.com/flox/nixpkgs?rev=3e3afe5174c561dee0df6f2c2b2236990146329f",
      "name": "boost-1.87.0",
      "pname": "boost",
      "rev": "3e3afe5174c561dee0df6f2c2b2236990146329f",
      "rev_count": 811950,
      "rev_date": "2025-06-07T08:35:48Z",
      "scrape_date": "2025-06-09T05:17:40.968105Z",
      "stabilities": [
        "unstable"
      ],
      "unfree": false,
      "version": "1.87.0",
      "outputs_to_install": [
        "out"
      ],
      "outputs": {
        "dev": "/nix/store/ammv4hfx001g454rn0dlgibj1imn9rkw-boost-1.87.0-dev",
        "out": "/nix/store/grpscx1ba72r34zbdkq8im08xmjrkad0-boost-1.87.0"
      },
      "system": "x86_64-linux",
      "group": "toplevel",
      "priority": 5
    },
    {
      "attr_path": "clang",
      "broken": false,
      "derivation": "/nix/store/l5l5gsvjqqnr4vwvg6jygqr9409jf7ml-clang-wrapper-19.1.7.drv",
      "description": "C language family frontend for LLVM (wrapper script)",
      "install_id": "clang",
      "license": "[ NCSA, Apache-2.0, LLVM-exception ]",
      "locked_url": "https://github.com/flox/nixpkgs?rev=3e3afe5174c561dee0df6f2c2b2236990146329f",
      "name": "clang-wrapper-19.1.7",
      "pname": "clang",
      "rev": "3e3afe5174c561dee0df6f2c2b2236990146329f",
      "rev_count": 811950,
      "rev_date": "2025-06-07T08:35:48Z",
      "scrape_date": "2025-06-09T04:23:50.800072Z",
      "stabilities": [
        "unstable"
      ],
      "unfree": false,
      "version": "19.1.7",
      "outputs_to_install": [
        "out"
      ],
      "outputs": {
        "out": "/nix/store/cvhbqa01i5yy7xmmpqp1hbnvq7kpvgsx-clang-wrapper-19.1.7"
      },
      "system": "aarch64-darwin",
      "group": "toplevel",
      "priority": 5
    },
    {
      "attr_path": "clang",
      "broken": false,
      "derivation": "/nix/store/yjjbzl8z4r2ya5vypj9i5yxfcn53pgsj-clang-wrapper-19.1.7.drv",
      "description": "C language family frontend for LLVM (wrapper script)",
      "install_id": "clang",
      "license": "[ NCSA, Apache-2.0, LLVM-exception ]",
      "locked_url": "https://github.com/flox/nixpkgs?rev=3e3afe5174c561dee0df6f2c2b2236990146329f",
      "name": "clang-wrapper-19.1.7",
      "pname": "clang",
      "rev": "3e3afe5174c561dee0df6f2c2b2236990146329f",
      "rev_count": 811950,
      "rev_date": "2025-06-07T08:35:48Z",
      "scrape_date": "2025-06-09T04:41:57.950736Z",
      "stabilities": [
        "unstable"
      ],
      "unfree": false,
      "version": "19.1.7",
      "outputs_to_install": [
        "out"
      ],
      "outputs": {
        "out": "/nix/store/vp6zgsnwkqjn89lgdkizr2vpxp6zvv9m-clang-wrapper-19.1.7"
      },
      "system": "aarch64-linux",
      "group": "toplevel",
      "priority": 5
    },
    {
      "attr_path": "clang",
      "broken": false,
      "derivation": "/nix/store/0z1jb53aac4kr850x6zadkdnb3dhasff-clang-wrapper-19.1.7.drv",
      "description": "C language family frontend for LLVM (wrapper script)",
      "install_id": "clang",
      "license": "[ NCSA, Apache-2.0, LLVM-exception ]",
      "locked_url": "https://github.com/flox/nixpkgs?rev=3e3afe5174c561dee0df6f2c2b2236990146329f",
      "name": "clang-wrapper-19.1.7",
      "pname": "clang",
      "rev": "3e3afe5174c561dee0df6f2c2b2236990146329f",
      "rev_count": 811950,
      "rev_date": "2025-06-07T08:35:48Z",
      "scrape_date": "2025-06-09T04:58:21.025178Z",
      "stabilities": [
        "unstable"
      ],
      "unfree": false,
      "version": "19.1.7",
      "outputs_to_install": [
        "out"
      ],
      "outputs": {
        "out": "/nix/store/cm1kj0v0xpsql7fww3hv7f3z930k2fnw-clang-wrapper-19.1.7"
      },
      "system": "x86_64-darwin",
      "group": "toplevel",
      "priority": 5
    },
    {
      "attr_path": "clang",
      "broken": false,
      "derivation": "/nix/store/g6xp2vv856rgg5q0lvcac2wwx6lspb6z-clang-wrapper-19.1.7.drv",
      "description": "C language family frontend for LLVM (wrapper script)",
      "install_id": "clang",
      "license": "[ NCSA, Apache-2.0, LLVM-exception ]",
      "locked_url": "https://github.com/flox/nixpkgs?rev=3e3afe5174c561dee0df6f2c2b2236990146329f",
      "name": "clang-wrapper-19.1.7",
      "pname": "clang",
      "rev": "3e3afe5174c561dee0df6f2c2b2236990146329f",
      "rev_count": 811950,
      "rev_date": "2025-06-07T08:35:48Z",
      "scrape_date": "2025-06-09T05:17:41.199891Z",
      "stabilities": [
        "unstable"
      ],
      "unfree": false,
      "version": "19.1.7",
      "outputs_to_install": [
        "out"
      ],
      "outputs": {
        "out": "/nix/store/fmysfy9gl5d59yir4fksi29wz10maljg-clang-wrapper-19.1.7"
      },
      "system": "x86_64-linux",
      "group": "toplevel",
      "priority": 5
    },
    {
      "attr_path": "clang-tools",
      "broken": false,
      "derivation": "/nix/store/dbvq8i603mnjwvz50j0bxrqn0wi1pjvc-clang-tools-19.1.7.drv",
      "description": "Standalone command line tools for C++ development",
      "install_id": "clang-tools",
      "license": "[ NCSA, Apache-2.0, LLVM-exception ]",
      "locked_url": "https://github.com/flox/nixpkgs?rev=3e3afe5174c561dee0df6f2c2b2236990146329f",
      "name": "clang-tools-19.1.7",
      "pname": "clang-tools",
      "rev": "3e3afe5174c561dee0df6f2c2b2236990146329f",
      "rev_count": 811950,
      "rev_date": "2025-06-07T08:35:48Z",
      "scrape_date": "2025-06-09T04:23:50.800618Z",
      "stabilities": [
        "unstable"
      ],
      "unfree": false,
      "version": "19.1.7",
      "outputs_to_install": [
        "out"
      ],
      "outputs": {
        "out": "/nix/store/d12c7ny0s98iiycg0b2a4pdqn6fg97a2-clang-tools-19.1.7"
      },
      "system": "aarch64-darwin",
      "group": "toplevel",
      "priority": 5
    },
    {
      "attr_path": "clang-tools",
      "broken": false,
      "derivation": "/nix/store/nql9v8p5fqp5kq0wrfy87rbf4y8zlz4k-clang-tools-19.1.7.drv",
      "description": "Standalone command line tools for C++ development",
      "install_id": "clang-tools",
      "license": "[ NCSA, Apache-2.0, LLVM-exception ]",
      "locked_url": "https://github.com/flox/nixpkgs?rev=3e3afe5174c561dee0df6f2c2b2236990146329f",
      "name": "clang-tools-19.1.7",
      "pname": "clang-tools",
      "rev": "3e3afe5174c561dee0df6f2c2b2236990146329f",
      "rev_count": 811950,
      "rev_date": "2025-06-07T08:35:48Z",
      "scrape_date": "2025-06-09T04:41:57.951360Z",
      "stabilities": [
        "unstable"
      ],
      "unfree": false,
      "version": "19.1.7",
      "outputs_to_install": [
        "out"
      ],
      "outputs": {
        "out": "/nix/store/dkkmczwslzdvk128sfvmp9xgrg0s2yby-clang-tools-19.1.7"
      },
      "system": "aarch64-linux",
      "group": "toplevel",
      "priority": 5
    },
    {
      "attr_path": "clang-tools",
      "broken": false,
      "derivation": "/nix/store/fnw364d0xq1yr5csys8mbwywv4zdawpw-clang-tools-19.1.7.drv",
      "description": "Standalone command line tools for C++ development",
      "install_id": "clang-tools",
      "license": "[ NCSA, Apache-2.0, LLVM-exception ]",
      "locked_url": "https://github.com/flox/nixpkgs?rev=3e3afe5174c561dee0df6f2c2b2236990146329f",
      "name": "clang-tools-19.1.7",
      "pname": "clang-tools",
      "rev": "3e3afe5174c561dee0df6f2c2b2236990146329f",
      "rev_count": 811950,
      "rev_date": "2025-06-07T08:35:48Z",
      "scrape_date": "2025-06-09T04:58:21.025720Z",
      "stabilities": [
        "unstable"
      ],
      "unfree": false,
      "version": "19.1.7",
      "outputs_to_install": [
        "out"
      ],
      "outputs": {
        "out": "/nix/store/22h6pcivzrx1nzrkxjgwy0j0n7mcidd4-clang-tools-19.1.7"
      },
      "system": "x86_64-darwin",
      "group": "toplevel",
      "priority": 5
    },
    {
      "attr_path": "clang-tools",
      "broken": false,
      "derivation": "/nix/store/p3f6wpda2lac38yhppjb5cz8qvjwk7km-clang-tools-19.1.7.drv",
      "description": "Standalone command line tools for C++ development",
      "install_id": "clang-tools",
      "license": "[ NCSA, Apache-2.0, LLVM-exception ]",
      "locked_url": "https://github.com/flox/nixpkgs?rev=3e3afe5174c561dee0df6f2c2b2236990146329f",
      "name": "clang-tools-19.1.7",
      "pname": "clang-tools",
      "rev": "3e3afe5174c561dee0df6f2c2b2236990146329f",
      "rev_count": 811950,
      "rev_date": "2025-06-07T08:35:48Z",
      "scrape_date": "2025-06-09T05:17:41.200553Z",
      "stabilities": [
        "unstable"
      ],
      "unfree": false,
      "version": "19.1.7",
      "outputs_to_install": [
        "out"
      ],
      "outputs": {
        "out": "/nix/store/06gf7f983rjm28pmycy732hdj4i7x0v8-clang-tools-19.1.7"
      },
      "system": "x86_64-linux",
      "group": "toplevel",
      "priority": 5
    },
    {
      "attr_path": "gnumake",
      "broken": false,
      "derivation": "/nix/store/0z9w4hr3wkrs4fdrk0h42isxzhxxlbi5-gnumake-4.4.1.drv",
      "description": "Tool to control the generation of non-source files from sources",
      "install_id": "gnumake",
      "license": "GPL-3.0-or-later",
      "locked_url": "https://github.com/flox/nixpkgs?rev=3e3afe5174c561dee0df6f2c2b2236990146329f",
      "name": "gnumake-4.4.1",
      "pname": "gnumake",
      "rev": "3e3afe5174c561dee0df6f2c2b2236990146329f",
      "rev_count": 811950,
      "rev_date": "2025-06-07T08:35:48Z",
      "scrape_date": "2025-06-09T04:23:51.430490Z",
      "stabilities": [
        "unstable"
      ],
      "unfree": false,
      "version": "4.4.1",
      "outputs_to_install": [
        "man",
        "out"
      ],
      "outputs": {
        "info": "/nix/store/4ykdx0lpl2dn8knnab0bap11prr7zzky-gnumake-4.4.1-info",
        "man": "/nix/store/x59n9rzr26vf9cr0aapfakhrqhg7vy18-gnumake-4.4.1-man",
        "out": "/nix/store/wkq7f52a2xq4n24f545wy2fidm4z14f2-gnumake-4.4.1"
      },
      "system": "aarch64-darwin",
      "group": "toplevel",
      "priority": 5
    },
    {
      "attr_path": "gnumake",
      "broken": false,
      "derivation": "/nix/store/pya8baigzsh8ddrq9zhwn3ppk07qihmh-gnumake-4.4.1.drv",
      "description": "Tool to control the generation of non-source files from sources",
      "install_id": "gnumake",
      "license": "GPL-3.0-or-later",
      "locked_url": "https://github.com/flox/nixpkgs?rev=3e3afe5174c561dee0df6f2c2b2236990146329f",
      "name": "gnumake-4.4.1",
      "pname": "gnumake",
      "rev": "3e3afe5174c561dee0df6f2c2b2236990146329f",
      "rev_count": 811950,
      "rev_date": "2025-06-07T08:35:48Z",
      "scrape_date": "2025-06-09T04:41:59.295493Z",
      "stabilities": [
        "unstable"
      ],
      "unfree": false,
      "version": "4.4.1",
      "outputs_to_install": [
        "man",
        "out"
      ],
      "outputs": {
        "debug": "/nix/store/wwhf09gg8ddpl4c6mx70pk3r3a6qx95r-gnumake-4.4.1-debug",
        "info": "/nix/store/8wcb953rsjvp2ybi7iig6hjls48w87dj-gnumake-4.4.1-info",
        "man": "/nix/store/f6b4ph7wflz6ylw3lylbiqrr72xs9jw5-gnumake-4.4.1-man",
        "out": "/nix/store/946sh8bs8hrlrb4jhwxqzllr37zb2q0y-gnumake-4.4.1"
      },
      "system": "aarch64-linux",
      "group": "toplevel",
      "priority": 5
    },
    {
      "attr_path": "gnumake",
      "broken": false,
      "derivation": "/nix/store/dla3vbdflxl9qwj4hvq2mn4xbsfic3gm-gnumake-4.4.1.drv",
      "description": "Tool to control the generation of non-source files from sources",
      "install_id": "gnumake",
      "license": "GPL-3.0-or-later",
      "locked_url": "https://github.com/flox/nixpkgs?rev=3e3afe5174c561dee0df6f2c2b2236990146329f",
      "name": "gnumake-4.4.1",
      "pname": "gnumake",
      "rev": "3e3afe5174c561dee0df6f2c2b2236990146329f",
      "rev_count": 811950,
      "rev_date": "2025-06-07T08:35:48Z",
      "scrape_date": "2025-06-09T04:58:21.682451Z",
      "stabilities": [
        "unstable"
      ],
      "unfree": false,
      "version": "4.4.1",
      "outputs_to_install": [
        "man",
        "out"
      ],
      "outputs": {
        "info": "/nix/store/14vf2zb0z70c67k2nzyqaz8b9rfjy73r-gnumake-4.4.1-info",
        "man": "/nix/store/22x6iviphcn6zlbvhihbvws00iavf9aj-gnumake-4.4.1-man",
        "out": "/nix/store/1fd85ai3984ah9cy31c7m1fn6i2mm66s-gnumake-4.4.1"
      },
      "system": "x86_64-darwin",
      "group": "toplevel",
      "priority": 5
    },
    {
      "attr_path": "gnumake",
      "broken": false,
      "derivation": "/nix/store/yhc71a2s1xkzgv9x20nyyrc5c9z9nc14-gnumake-4.4.1.drv",
      "description": "Tool to control the generation of non-source files from sources",
      "install_id": "gnumake",
      "license": "GPL-3.0-or-later",
      "locked_url": "https://github.com/flox/nixpkgs?rev=3e3afe5174c561dee0df6f2c2b2236990146329f",
      "name": "gnumake-4.4.1",
      "pname": "gnumake",
      "rev": "3e3afe5174c561dee0df6f2c2b2236990146329f",
      "rev_count": 811950,
      "rev_date": "2025-06-07T08:35:48Z",
      "scrape_date": "2025-06-09T05:17:42.721398Z",
      "stabilities": [
        "unstable"
      ],
      "unfree": false,
      "version": "4.4.1",
      "outputs_to_install": [
        "man",
        "out"
      ],
      "outputs": {
        "debug": "/nix/store/c59bxh8h9rnpp3l7y8i8zirpvp703z8w-gnumake-4.4.1-debug",
        "info": "/nix/store/xqygkvkp7cghyk66aivysnr88q24dsms-gnumake-4.4.1-info",
        "man": "/nix/store/5g01b5r1dbk91kwy4jld5vc1asy0mir4-gnumake-4.4.1-man",
        "out": "/nix/store/p7z72c2s722pbw31jmm3y0nwypksb5fj-gnumake-4.4.1"
      },
      "system": "x86_64-linux",
      "group": "toplevel",
      "priority": 5
    }
  ]
}