{
  "lockfile-version": 1,
  "manifest": {
    "version": 1,
    "install": {
      "pip": {
        "pkg-path": "python312Packages.pip"
      },
      "python3": {
        "pkg-path": "python312"
      },
      "setuptools": {
        "pkg-path": "python312Packages.setuptools"
      }
    },
    "hook": {
      "on-activate": "  # Autogenerated by Flox\n\n  # Setup a Python virtual environment\n\n  export PYTHON_DIR=\"$FLOX_ENV_CACHE/python\"\n  if [ ! -d \"$PYTHON_DIR\" ]; then\n    echo \"Creating python virtual environment in $PYTHON_DIR\"\n    python -m venv \"$PYTHON_DIR\"\n  fi\n\n  # Quietly activate venv and install packages in a subshell so\n  # that the venv can be freshly activated in the profile section.\n  (\n    source \"$PYTHON_DIR/bin/activate\"\n    # install the dependencies for this project based on pyproject.toml\n    # <https://pip.pypa.io/en/stable/cli/pip_install/>\n    pip install -e .\n  )\n\n  # End autogenerated by Flox\n"
    },
    "profile": {
      "bash": "  # Autogenerated by Flox\n\n  echo \"Activating python virtual environment\" >&2\n  source \"$PYTHON_DIR/bin/activate\"\n\n  # End autogenerated by Flox\n",
      "zsh": "  # Autogenerated by Flox\n\n  echo \"Activating python virtual environment\" >&2\n  source \"$PYTHON_DIR/bin/activate\"\n\n  # End autogenerated by Flox\n",
      "fish": "  # Autogenerated by Flox\n\n  echo \"Activating python virtual environment\" >&2\n  source \"$PYTHON_DIR/bin/activate.fish\"\n\n  # End autogenerated by Flox\n",
      "tcsh": "  # Autogenerated by Flox\n\n  echo \"Activating python virtual environment\" >&2\n  source \"$PYTHON_DIR/bin/activate.csh\"\n\n  # End autogenerated by Flox\n"
    },
    "options": {},
    "build": {
      "quotes-app-pip": {
        "command": "  # Create a virtual environment for the project and its dependencies.\n  mkdir -p $out/libexec\n  python3 -m venv $out/libexec/venv \n  source $out/libexec/venv/bin/activate\n\n  # Install the project and its dependencies into the virtual environment\n  pip install .\n\n  # Symlink the project from the virtual environment into the `$out/bin`\n  # directory.\n  mkdir $out/bin\n  cd $out/bin\n  ln -s ../libexec/venv/bin/quotes-app-pip .\n\n  echo \"OUT\"\n  ls -al $out\n  echo\n  echo \"LIBEXEC\"\n  ls -al $out/libexec/venv/lib/python3.12/site-packages/pip-25.0.1.dist-info/\n",
        "runtime-packages": [
          "python3"
        ]
      },
      "quotes-app-pip-deps": {
        "command": "  # Prevent install being a noop when run from an existing activation that\n  # already has the virtualenv and dependencies installed.\n  unset VIRTUAL_ENV\n\n  # The virtual environment is only needed to be able to run\n  # pip commands\n  mkdir -p $out/libexec\n  python3 -m venv $out/libexec/venv \n  source $out/libexec/venv/bin/activate\n\n  # Download wheels/source-dists of all of the dependencies\n  mkdir -p $out/libexec/deps\n  pip download --dest $out/libexec/deps .\n\n  # We don't want/need to package the virtual environment in this step\n  rm -rf $out/libexec/venv\n"
      },
      "quotes-app-pip-pure": {
        "command": "  # Create a virtual environment for the project and its dependencies.\n  mkdir -p $out/libexec\n  python3 -m venv $out/libexec/venv \n  source $out/libexec/venv/bin/activate\n\n  # Install dependencies from the impure step\n  pip install ${quotes-app-pip-deps}/libexec/deps/*\n\n  # Install this project, skipping the deps we've just installed\n  pip install --no-build-isolation --no-deps .\n\n  # Symlink the project from the virtual environment into the `$out/bin`\n  # directory.\n  mkdir $out/bin\n  cd $out/bin\n  ln -s ../libexec/venv/bin/quotes-app-pip quotes-app-pip-pure\n",
        "runtime-packages": [
          "python3"
        ],
        "sandbox": "pure"
      }
    }
  },
  "packages": [
    {
      "attr_path": "python312Packages.pip",
      "broken": false,
      "derivation": "/nix/store/0pcyaprp6w5hspww80i7n4pf1nflzr36-python3.12-pip-25.0.1.drv",
      "description": "PyPA recommended tool for installing Python packages",
      "install_id": "pip",
      "license": "[ MIT ]",
      "locked_url": "https://github.com/flox/nixpkgs?rev=9807714d6944a957c2e036f84b0ff8caf9930bc0",
      "name": "python3.12-pip-25.0.1",
      "pname": "pip",
      "rev": "9807714d6944a957c2e036f84b0ff8caf9930bc0",
      "rev_count": 826938,
      "rev_date": "2025-07-08T14:16:20Z",
      "scrape_date": "2025-07-10T05:14:44.076665Z",
      "stabilities": [
        "unstable"
      ],
      "unfree": false,
      "version": "25.0.1",
      "outputs_to_install": [
        "man",
        "out"
      ],
      "outputs": {
        "dist": "/nix/store/xcjb094yliyndfwigzn2f74g5px1a61g-python3.12-pip-25.0.1-dist",
        "man": "/nix/store/011lik94lpxz09cz683qi8gcmjxwid8z-python3.12-pip-25.0.1-man",
        "out": "/nix/store/k9iizvz7ljdfsplpaqmhisamlkqp3gbr-python3.12-pip-25.0.1"
      },
      "system": "aarch64-darwin",
      "group": "toplevel",
      "priority": 5
    },
    {
      "attr_path": "python312Packages.pip",
      "broken": false,
      "derivation": "/nix/store/rq3py3wzrajbmk237ly1vwg5shhvgw0p-python3.12-pip-25.0.1.drv",
      "description": "PyPA recommended tool for installing Python packages",
      "install_id": "pip",
      "license": "[ MIT ]",
      "locked_url": "https://github.com/flox/nixpkgs?rev=9807714d6944a957c2e036f84b0ff8caf9930bc0",
      "name": "python3.12-pip-25.0.1",
      "pname": "pip",
      "rev": "9807714d6944a957c2e036f84b0ff8caf9930bc0",
      "rev_count": 826938,
      "rev_date": "2025-07-08T14:16:20Z",
      "scrape_date": "2025-07-10T05:35:18.509506Z",
      "stabilities": [
        "unstable"
      ],
      "unfree": false,
      "version": "25.0.1",
      "outputs_to_install": [
        "man",
        "out"
      ],
      "outputs": {
        "dist": "/nix/store/6dl943v15iik7bc723bhr8sjrnxsb3w8-python3.12-pip-25.0.1-dist",
        "man": "/nix/store/chxnf7wbjbiss6dad52zaq73nqpi9m9l-python3.12-pip-25.0.1-man",
        "out": "/nix/store/jrk8g601qnd76mfxzw6kd4c1dmqnc5in-python3.12-pip-25.0.1"
      },
      "system": "aarch64-linux",
      "group": "toplevel",
      "priority": 5
    },
    {
      "attr_path": "python312Packages.pip",
      "broken": false,
      "derivation": "/nix/store/8wpz4yngxcjr6svrxm08qnk55a54a1x2-python3.12-pip-25.0.1.drv",
      "description": "PyPA recommended tool for installing Python packages",
      "install_id": "pip",
      "license": "[ MIT ]",
      "locked_url": "https://github.com/flox/nixpkgs?rev=9807714d6944a957c2e036f84b0ff8caf9930bc0",
      "name": "python3.12-pip-25.0.1",
      "pname": "pip",
      "rev": "9807714d6944a957c2e036f84b0ff8caf9930bc0",
      "rev_count": 826938,
      "rev_date": "2025-07-08T14:16:20Z",
      "scrape_date": "2025-07-10T05:54:02.560852Z",
      "stabilities": [
        "unstable"
      ],
      "unfree": false,
      "version": "25.0.1",
      "outputs_to_install": [
        "man",
        "out"
      ],
      "outputs": {
        "dist": "/nix/store/xl3yrz7bdyrpamwjjivgrww3g13qd6yb-python3.12-pip-25.0.1-dist",
        "man": "/nix/store/6zbc52caq3k8m1al1n9gkmhm2n2bpxz3-python3.12-pip-25.0.1-man",
        "out": "/nix/store/fllz0c6fz72xwwswwjwwwdb0nhll19g3-python3.12-pip-25.0.1"
      },
      "system": "x86_64-darwin",
      "group": "toplevel",
      "priority": 5
    },
    {
      "attr_path": "python312Packages.pip",
      "broken": false,
      "derivation": "/nix/store/l5q4vx7s70cdyxqz4h17bjw1byd76vwq-python3.12-pip-25.0.1.drv",
      "description": "PyPA recommended tool for installing Python packages",
      "install_id": "pip",
      "license": "[ MIT ]",
      "locked_url": "https://github.com/flox/nixpkgs?rev=9807714d6944a957c2e036f84b0ff8caf9930bc0",
      "name": "python3.12-pip-25.0.1",
      "pname": "pip",
      "rev": "9807714d6944a957c2e036f84b0ff8caf9930bc0",
      "rev_count": 826938,
      "rev_date": "2025-07-08T14:16:20Z",
      "scrape_date": "2025-07-10T06:15:56.812229Z",
      "stabilities": [
        "unstable"
      ],
      "unfree": false,
      "version": "25.0.1",
      "outputs_to_install": [
        "man",
        "out"
      ],
      "outputs": {
        "dist": "/nix/store/1d3k5az4kwkg6gw21jjggx0m9i9c16xc-python3.12-pip-25.0.1-dist",
        "man": "/nix/store/l9d61mri9mh9q8rvnwk1pkd6jnfsn141-python3.12-pip-25.0.1-man",
        "out": "/nix/store/aqwa4cgnl8ag3py4m49zncazs8pr0491-python3.12-pip-25.0.1"
      },
      "system": "x86_64-linux",
      "group": "toplevel",
      "priority": 5
    },
    {
      "attr_path": "python312",
      "broken": false,
      "derivation": "/nix/store/3nnpd5nmq25nb8fxpmshfd7wxy44mzw1-python3-3.12.11.drv",
      "description": "High-level dynamically-typed programming language",
      "install_id": "python3",
      "license": "Python-2.0",
      "locked_url": "https://github.com/flox/nixpkgs?rev=9807714d6944a957c2e036f84b0ff8caf9930bc0",
      "name": "python3-3.12.11",
      "pname": "python312",
      "rev": "9807714d6944a957c2e036f84b0ff8caf9930bc0",
      "rev_count": 826938,
      "rev_date": "2025-07-08T14:16:20Z",
      "scrape_date": "2025-07-10T05:14:39.558132Z",
      "stabilities": [
        "unstable"
      ],
      "unfree": false,
      "version": "python3-3.12.11",
      "outputs_to_install": [
        "out"
      ],
      "outputs": {
        "out": "/nix/store/q54d9qqlb27g2nf9ja4zsa89gl7b3yvm-python3-3.12.11"
      },
      "system": "aarch64-darwin",
      "group": "toplevel",
      "priority": 5
    },
    {
      "attr_path": "python312",
      "broken": false,
      "derivation": "/nix/store/f98jg35jkjd0qqh3aq2155ilfpa5vixg-python3-3.12.11.drv",
      "description": "High-level dynamically-typed programming language",
      "install_id": "python3",
      "license": "Python-2.0",
      "locked_url": "https://github.com/flox/nixpkgs?rev=9807714d6944a957c2e036f84b0ff8caf9930bc0",
      "name": "python3-3.12.11",
      "pname": "python312",
      "rev": "9807714d6944a957c2e036f84b0ff8caf9930bc0",
      "rev_count": 826938,
      "rev_date": "2025-07-08T14:16:20Z",
      "scrape_date": "2025-07-10T05:35:11.621035Z",
      "stabilities": [
        "unstable"
      ],
      "unfree": false,
      "version": "python3-3.12.11",
      "outputs_to_install": [
        "out"
      ],
      "outputs": {
        "debug": "/nix/store/ayv6k8h3mhdxkr61nv5c0ib2lpgs59md-python3-3.12.11-debug",
        "out": "/nix/store/3ib0x9qs9bwg4nfkrk18rk1dx6yng0ga-python3-3.12.11"
      },
      "system": "aarch64-linux",
      "group": "toplevel",
      "priority": 5
    },
    {
      "attr_path": "python312",
      "broken": false,
      "derivation": "/nix/store/fqvrqzv2x7c713ixdx849n8affvlf8sl-python3-3.12.11.drv",
      "description": "High-level dynamically-typed programming language",
      "install_id": "python3",
      "license": "Python-2.0",
      "locked_url": "https://github.com/flox/nixpkgs?rev=9807714d6944a957c2e036f84b0ff8caf9930bc0",
      "name": "python3-3.12.11",
      "pname": "python312",
      "rev": "9807714d6944a957c2e036f84b0ff8caf9930bc0",
      "rev_count": 826938,
      "rev_date": "2025-07-08T14:16:20Z",
      "scrape_date": "2025-07-10T05:53:58.041114Z",
      "stabilities": [
        "unstable"
      ],
      "unfree": false,
      "version": "python3-3.12.11",
      "outputs_to_install": [
        "out"
      ],
      "outputs": {
        "out": "/nix/store/q2y1zwszjmsap7r6nbk4dxbcsm47abfx-python3-3.12.11"
      },
      "system": "x86_64-darwin",
      "group": "toplevel",
      "priority": 5
    },
    {
      "attr_path": "python312",
      "broken": false,
      "derivation": "/nix/store/dg69s6vc8m3a9yqvl32nclr3hv8zgbd4-python3-3.12.11.drv",
      "description": "High-level dynamically-typed programming language",
      "install_id": "python3",
      "license": "Python-2.0",
      "locked_url": "https://github.com/flox/nixpkgs?rev=9807714d6944a957c2e036f84b0ff8caf9930bc0",
      "name": "python3-3.12.11",
      "pname": "python312",
      "rev": "9807714d6944a957c2e036f84b0ff8caf9930bc0",
      "rev_count": 826938,
      "rev_date": "2025-07-08T14:16:20Z",
      "scrape_date": "2025-07-10T06:15:49.286108Z",
      "stabilities": [
        "unstable"
      ],
      "unfree": false,
      "version": "python3-3.12.11",
      "outputs_to_install": [
        "out"
      ],
      "outputs": {
        "debug": "/nix/store/prihzlrq8b5km32h61056adn8vpmnlgj-python3-3.12.11-debug",
        "out": "/nix/store/89laaz8x9pdydxzz74p0vd8vdj0szqbq-python3-3.12.11"
      },
      "system": "x86_64-linux",
      "group": "toplevel",
      "priority": 5
    },
    {
      "attr_path": "python312Packages.setuptools",
      "broken": false,
      "derivation": "/nix/store/ii171n4dxkcx70wn5mxafsypq7yr98pc-python3.12-setuptools-80.7.1.drv",
      "description": "Utilities to facilitate the installation of Python packages",
      "install_id": "setuptools",
      "license": "[ MIT ]",
      "locked_url": "https://github.com/flox/nixpkgs?rev=9807714d6944a957c2e036f84b0ff8caf9930bc0",
      "name": "python3.12-setuptools-80.7.1",
      "pname": "setuptools",
      "rev": "9807714d6944a957c2e036f84b0ff8caf9930bc0",
      "rev_count": 826938,
      "rev_date": "2025-07-08T14:16:20Z",
      "scrape_date": "2025-07-10T05:14:46.137532Z",
      "stabilities": [
        "unstable"
      ],
      "unfree": false,
      "version": "80.7.1",
      "outputs_to_install": [
        "out"
      ],
      "outputs": {
        "dist": "/nix/store/05yk3vp4nyazgpz9pvx2hbkm1062mpkm-python3.12-setuptools-80.7.1-dist",
        "out": "/nix/store/l27d5l9xf6rp4vyc6s2fwi2bdcyzkh74-python3.12-setuptools-80.7.1"
      },
      "system": "aarch64-darwin",
      "group": "toplevel",
      "priority": 5
    },
    {
      "attr_path": "python312Packages.setuptools",
      "broken": false,
      "derivation": "/nix/store/m355s17w21vs2jlqnxnkq3grihamxawi-python3.12-setuptools-80.7.1.drv",
      "description": "Utilities to facilitate the installation of Python packages",
      "install_id": "setuptools",
      "license": "[ MIT ]",
      "locked_url": "https://github.com/flox/nixpkgs?rev=9807714d6944a957c2e036f84b0ff8caf9930bc0",
      "name": "python3.12-setuptools-80.7.1",
      "pname": "setuptools",
      "rev": "9807714d6944a957c2e036f84b0ff8caf9930bc0",
      "rev_count": 826938,
      "rev_date": "2025-07-08T14:16:20Z",
      "scrape_date": "2025-07-10T05:35:21.543498Z",
      "stabilities": [
        "unstable"
      ],
      "unfree": false,
      "version": "80.7.1",
      "outputs_to_install": [
        "out"
      ],
      "outputs": {
        "dist": "/nix/store/8ii48isqbwzcpghv4zikq0zli1x6cyp7-python3.12-setuptools-80.7.1-dist",
        "out": "/nix/store/b8xh7r6bfx4agr5hglwjgr0m20wfpk9q-python3.12-setuptools-80.7.1"
      },
      "system": "aarch64-linux",
      "group": "toplevel",
      "priority": 5
    },
    {
      "attr_path": "python312Packages.setuptools",
      "broken": false,
      "derivation": "/nix/store/w3rkg1pv1fj8jb4zkda1zyqcvdpmdrqf-python3.12-setuptools-80.7.1.drv",
      "description": "Utilities to facilitate the installation of Python packages",
      "install_id": "setuptools",
      "license": "[ MIT ]",
      "locked_url": "https://github.com/flox/nixpkgs?rev=9807714d6944a957c2e036f84b0ff8caf9930bc0",
      "name": "python3.12-setuptools-80.7.1",
      "pname": "setuptools",
      "rev": "9807714d6944a957c2e036f84b0ff8caf9930bc0",
      "rev_count": 826938,
      "rev_date": "2025-07-08T14:16:20Z",
      "scrape_date": "2025-07-10T05:54:04.622904Z",
      "stabilities": [
        "unstable"
      ],
      "unfree": false,
      "version": "80.7.1",
      "outputs_to_install": [
        "out"
      ],
      "outputs": {
        "dist": "/nix/store/i55vgcvrsp943aw2wkka5z0ypvzbyc8y-python3.12-setuptools-80.7.1-dist",
        "out": "/nix/store/6pjnfdh27myskv04mxvn64ybwyikgyp8-python3.12-setuptools-80.7.1"
      },
      "system": "x86_64-darwin",
      "group": "toplevel",
      "priority": 5
    },
    {
      "attr_path": "python312Packages.setuptools",
      "broken": false,
      "derivation": "/nix/store/13hi0njhq58586mpif7vi477gilgrxij-python3.12-setuptools-80.7.1.drv",
      "description": "Utilities to facilitate the installation of Python packages",
      "install_id": "setuptools",
      "license": "[ MIT ]",
      "locked_url": "https://github.com/flox/nixpkgs?rev=9807714d6944a957c2e036f84b0ff8caf9930bc0",
      "name": "python3.12-setuptools-80.7.1",
      "pname": "setuptools",
      "rev": "9807714d6944a957c2e036f84b0ff8caf9930bc0",
      "rev_count": 826938,
      "rev_date": "2025-07-08T14:16:20Z",
      "scrape_date": "2025-07-10T06:16:00.111635Z",
      "stabilities": [
        "unstable"
      ],
      "unfree": false,
      "version": "80.7.1",
      "outputs_to_install": [
        "out"
      ],
      "outputs": {
        "dist": "/nix/store/c2c6rwr2vh9igggk1y1vd8hscvpqb28a-python3.12-setuptools-80.7.1-dist",
        "out": "/nix/store/v6zr0v80z1i73fv844am95blkwa01y7d-python3.12-setuptools-80.7.1"
      },
      "system": "x86_64-linux",
      "group": "toplevel",
      "priority": 5
    }
  ]
}