{
  "lockfile-version": 1,
  "manifest": {
    "version": 1,
    "install": {
      "ruby": {
        "pkg-path": "ruby"
      }
    },
    "vars": {
      "GEM_HOME": "vendor"
    },
    "hook": {
      "on-activate": "    unset CPATH\n"
    },
    "options": {},
    "build": {
      "quotes-app-rb": {
        "command": "   mkdir -p $out/{lib,bin}\n\n   # Don't use or update paths in the real project config.\n   export BUNDLE_IGNORE_CONFIG=true\n\n   # Perform an isolated install using any existing project cache.\n   export BUNDLE_PATH=$out/lib/vendor\n   export BUNDLE_CACHE_PATH=vendor/cache\n   export BUNDLE_DEPLOYMENT=true\n   bundle install --standalone\n\n   cp Gemfile Gemfile.lock $out/lib\n   cp app.rb quotes.json $out/lib\n   cp quotes $out/bin/quotes-app-rb\n",
        "version": "0.0.1",
        "description": "A simple Ruby app that prints a random quote from a list of quotes."
      },
      "quotes-app-rb-deps": {
        "command": "   # Don't use or update paths in the real project config.\n   export BUNDLE_IGNORE_CONFIG=true\n\n   # Pre-fetch the deps outside of the sandbox.\n   export BUNDLE_PATH=$out\n   export BUNDLE_CACHE_PATH=${out}/cache\n   bundle cache --no-install\n\n   # These gems appear to be duplicated irrespective of `--no-install`\n   rm -rf $out/ruby\n"
      },
      "quotes-app-rb-pure": {
        "command": "   mkdir -p $out/{lib,bin}\n\n   # Don't use or update paths in the real project config.\n   export BUNDLE_IGNORE_CONFIG=true\n\n   # Perform an isolated install using pre-fetched deps.\n   export BUNDLE_PATH=$out/lib/vendor\n   export BUNDLE_CACHE_PATH=${quotes-app-rb-deps}/cache\n   export BUNDLE_DEPLOYMENT=true\n   bundle install --standalone --local\n\n   cp Gemfile Gemfile.lock $out/lib\n   cp app.rb quotes.json $out/lib\n   cp quotes $out/bin/quotes-app-rb-pure\n",
        "sandbox": "pure",
        "version": "0.0.1",
        "description": "A simple Ruby app that prints a random quote from a list of quotes."
      }
    }
  },
  "packages": [
    {
      "attr_path": "ruby",
      "broken": false,
      "derivation": "/nix/store/f70whcr72q06gmnmc6s64j4r148i8asd-ruby-3.3.8.drv",
      "description": "Object-oriented language for quick and easy programming",
      "install_id": "ruby",
      "license": "Ruby",
      "locked_url": "https://github.com/flox/nixpkgs?rev=3e3afe5174c561dee0df6f2c2b2236990146329f",
      "name": "ruby-3.3.8",
      "pname": "ruby",
      "rev": "3e3afe5174c561dee0df6f2c2b2236990146329f",
      "rev_count": 811950,
      "rev_date": "2025-06-07T08:35:48Z",
      "scrape_date": "2025-06-09T04:24:20.615044Z",
      "stabilities": [
        "unstable"
      ],
      "unfree": false,
      "version": "3.3.8",
      "outputs_to_install": [
        "out"
      ],
      "outputs": {
        "devdoc": "/nix/store/yskdfix70crbglrask279irgiv452gxm-ruby-3.3.8-devdoc",
        "out": "/nix/store/lhrxdn23b0mhpq78ki2n3imb32c51xp9-ruby-3.3.8"
      },
      "system": "aarch64-darwin",
      "group": "toplevel",
      "priority": 5
    },
    {
      "attr_path": "ruby",
      "broken": false,
      "derivation": "/nix/store/mh6blbcwm88fhirblgw9xlkmi5l38gaw-ruby-3.3.8.drv",
      "description": "Object-oriented language for quick and easy programming",
      "install_id": "ruby",
      "license": "Ruby",
      "locked_url": "https://github.com/flox/nixpkgs?rev=3e3afe5174c561dee0df6f2c2b2236990146329f",
      "name": "ruby-3.3.8",
      "pname": "ruby",
      "rev": "3e3afe5174c561dee0df6f2c2b2236990146329f",
      "rev_count": 811950,
      "rev_date": "2025-06-07T08:35:48Z",
      "scrape_date": "2025-06-09T04:42:51.179861Z",
      "stabilities": [
        "unstable"
      ],
      "unfree": false,
      "version": "3.3.8",
      "outputs_to_install": [
        "out"
      ],
      "outputs": {
        "devdoc": "/nix/store/wy1wz3n27n43pnbaycfq9d1s7wjiy0wv-ruby-3.3.8-devdoc",
        "out": "/nix/store/33nppwhlzcva2mizibic9jybllvnj12n-ruby-3.3.8"
      },
      "system": "aarch64-linux",
      "group": "toplevel",
      "priority": 5
    },
    {
      "attr_path": "ruby",
      "broken": false,
      "derivation": "/nix/store/7y5h6yhb4s80r3pyq0paid3xbzz4dp3b-ruby-3.3.8.drv",
      "description": "Object-oriented language for quick and easy programming",
      "install_id": "ruby",
      "license": "Ruby",
      "locked_url": "https://github.com/flox/nixpkgs?rev=3e3afe5174c561dee0df6f2c2b2236990146329f",
      "name": "ruby-3.3.8",
      "pname": "ruby",
      "rev": "3e3afe5174c561dee0df6f2c2b2236990146329f",
      "rev_count": 811950,
      "rev_date": "2025-06-07T08:35:48Z",
      "scrape_date": "2025-06-09T04:58:50.608951Z",
      "stabilities": [
        "unstable"
      ],
      "unfree": false,
      "version": "3.3.8",
      "outputs_to_install": [
        "out"
      ],
      "outputs": {
        "devdoc": "/nix/store/r4nm3wvjqvl4393caz0visq1b2ribnpl-ruby-3.3.8-devdoc",
        "out": "/nix/store/25f5x4dzgwmr0cpbzq3asrnchj6kjdcj-ruby-3.3.8"
      },
      "system": "x86_64-darwin",
      "group": "toplevel",
      "priority": 5
    },
    {
      "attr_path": "ruby",
      "broken": false,
      "derivation": "/nix/store/4kbbb9qddll2rvqgq891fy13qh7pnbwc-ruby-3.3.8.drv",
      "description": "Object-oriented language for quick and easy programming",
      "install_id": "ruby",
      "license": "Ruby",
      "locked_url": "https://github.com/flox/nixpkgs?rev=3e3afe5174c561dee0df6f2c2b2236990146329f",
      "name": "ruby-3.3.8",
      "pname": "ruby",
      "rev": "3e3afe5174c561dee0df6f2c2b2236990146329f",
      "rev_count": 811950,
      "rev_date": "2025-06-07T08:35:48Z",
      "scrape_date": "2025-06-09T05:18:40.349120Z",
      "stabilities": [
        "unstable"
      ],
      "unfree": false,
      "version": "3.3.8",
      "outputs_to_install": [
        "out"
      ],
      "outputs": {
        "devdoc": "/nix/store/z8z4ndssnskqg5lb1a4n16rswrqlggfh-ruby-3.3.8-devdoc",
        "out": "/nix/store/9jslgkvdkn42hlc52mr25f37jsa5rxga-ruby-3.3.8"
      },
      "system": "x86_64-linux",
      "group": "toplevel",
      "priority": 5
    }
  ]
}